
Microsoft Visual Studio Solution File, Format Version 12.00
# Visual Studio Version 16
VisualStudioVersion = 16.0.29306.81
MinimumVisualStudioVersion = 10.0.40219.1
Project("{8BC9CEB8-8B4A-11D0-8D11-00A0C91BC942}") = "MyTest3", "MyTest3\MyTest3.vcxproj", "{E4FB5C90-EDFC-4C34-BB64-A53CD89E82FF}"
EndProject
Global
	GlobalSection(SolutionConfigurationPlatforms) = preSolution
		Debug|x64 = Debug|x64
		Debug|x86 = Debug|x86
		Release|x64 = Release|x64
		Release|x86 = Release|x86
	EndGlobalSection
	GlobalSection(ProjectConfigurationPlatforms) = postSolution
		{E4FB5C90-EDFC-4C34-BB64-A53CD89E82FF}.Debug|x64.ActiveCfg = Debug|x64
		{E4FB5C90-EDFC-4C34-BB64-A53CD89E82FF}.Debug|x64.Build.0 = Debug|x64
		{E4FB5C90-EDFC-4C34-BB64-A53CD89E82FF}.Debug|x86.ActiveCfg = Debug|Win32
		{E4FB5C90-EDFC-4C34-BB64-A53CD89E82FF}.Debug|x86.Build.0 = Debug|Win32
		{E4FB5C90-EDFC-4C34-BB64-A53CD89E82FF}.Release|x64.ActiveCfg = Release|x64
		{E4FB5C90-EDFC-4C34-BB64-A53CD89E82FF}.Release|x64.Build.0 = Release|x64
		{E4FB5C90-EDFC-4C34-BB64-A53CD89E82FF}.Release|x86.ActiveCfg = Release|Win32
		{E4FB5C90-EDFC-4C34-BB64-A53CD89E82FF}.Release|x86.Build.0 = Release|Win32
	EndGlobalSection
	GlobalSection(SolutionProperties) = preSolution
		HideSolutionNode = FALSE
	EndGlobalSection
	GlobalSection(ExtensibilityGlobals) = postSolution
		SolutionGuid = {1DEE7193-1A7D-4653-BE18-03DEA1898660}
	EndGlobalSection
EndGlobal
